// !$*UTF8*$!
{
	archiveVersion = 1;
	classes = {
	};
	objectVersion = 46;
	objects = {

/* Begin PBXBuildFile section */
		623B24E61F489BBB005B117B /* AppDelegate.swift in Sources */ = {isa = PBXBuildFile; fileRef = 623B24E51F489BBB005B117B /* AppDelegate.swift */; };
		623B24EB1F489BBB005B117B /* Main.storyboard in Resources */ = {isa = PBXBuildFile; fileRef = 623B24E91F489BBB005B117B /* Main.storyboard */; };
		623B24ED1F489BBB005B117B /* Assets.xcassets in Resources */ = {isa = PBXBuildFile; fileRef = 623B24EC1F489BBB005B117B /* Assets.xcassets */; };
		623B24F01F489BBB005B117B /* LaunchScreen.storyboard in Resources */ = {isa = PBXBuildFile; fileRef = 623B24EE1F489BBB005B117B /* LaunchScreen.storyboard */; };
		623B24FB1F489BBB005B117B /* moviesTests.swift in Sources */ = {isa = PBXBuildFile; fileRef = 623B24FA1F489BBB005B117B /* moviesTests.swift */; };
		623B25061F489BBB005B117B /* moviesUITests.swift in Sources */ = {isa = PBXBuildFile; fileRef = 623B25051F489BBB005B117B /* moviesUITests.swift */; };
		623B25141F489BE9005B117B /* MovieTableViewController.swift in Sources */ = {isa = PBXBuildFile; fileRef = 623B25131F489BE9005B117B /* MovieTableViewController.swift */; };
		623B25161F48A3E3005B117B /* MovieTableViewCell.swift in Sources */ = {isa = PBXBuildFile; fileRef = 623B25151F48A3E3005B117B /* MovieTableViewCell.swift */; };
		623B25181F48B246005B117B /* Movie.swift in Sources */ = {isa = PBXBuildFile; fileRef = 623B25171F48B246005B117B /* Movie.swift */; };
		623B251A1F48D463005B117B /* MovieDetailViewController.swift in Sources */ = {isa = PBXBuildFile; fileRef = 623B25191F48D463005B117B /* MovieDetailViewController.swift */; };
/* End PBXBuildFile section */

/* Begin PBXContainerItemProxy section */
		623B24F71F489BBB005B117B /* PBXContainerItemProxy */ = {
			isa = PBXContainerItemProxy;
			containerPortal = 623B24DA1F489BBB005B117B /* Project object */;
			proxyType = 1;
			remoteGlobalIDString = 623B24E11F489BBB005B117B;
			remoteInfo = movies;
		};
		623B25021F489BBB005B117B /* PBXContainerItemProxy */ = {
			isa = PBXContainerItemProxy;
			containerPortal = 623B24DA1F489BBB005B117B /* Project object */;
			proxyType = 1;
			remoteGlobalIDString = 623B24E11F489BBB005B117B;
			remoteInfo = movies;
		};
/* End PBXContainerItemProxy section */

/* Begin PBXFileReference section */
		623B24E21F489BBB005B117B /* movies.app */ = {isa = PBXFileReference; explicitFileType = wrapper.application; includeInIndex = 0; path = movies.app; sourceTree = BUILT_PRODUCTS_DIR; };
		623B24E51F489BBB005B117B /* AppDelegate.swift */ = {isa = PBXFileReference; lastKnownFileType = sourcecode.swift; path = AppDelegate.swift; sourceTree = "<group>"; };
		623B24EA1F489BBB005B117B /* Base */ = {isa = PBXFileReference; lastKnownFileType = file.storyboard; name = Base; path = Base.lproj/Main.storyboard; sourceTree = "<group>"; };
		623B24EC1F489BBB005B117B /* Assets.xcassets */ = {isa = PBXFileReference; lastKnownFileType = folder.assetcatalog; path = Assets.xcassets; sourceTree = "<group>"; };
		623B24EF1F489BBB005B117B /* Base */ = {isa = PBXFileReference; lastKnownFileType = file.storyboard; name = Base; path = Base.lproj/LaunchScreen.storyboard; sourceTree = "<group>"; };
		623B24F11F489BBB005B117B /* Info.plist */ = {isa = PBXFileReference; lastKnownFileType = text.plist.xml; path = Info.plist; sourceTree = "<group>"; };
		623B24F61F489BBB005B117B /* moviesTests.xctest */ = {isa = PBXFileReference; explicitFileType = wrapper.cfbundle; includeInIndex = 0; path = moviesTests.xctest; sourceTree = BUILT_PRODUCTS_DIR; };
		623B24FA1F489BBB005B117B /* moviesTests.swift */ = {isa = PBXFileReference; lastKnownFileType = sourcecode.swift; path = moviesTests.swift; sourceTree = "<group>"; };
		623B24FC1F489BBB005B117B /* Info.plist */ = {isa = PBXFileReference; lastKnownFileType = text.plist.xml; path = Info.plist; sourceTree = "<group>"; };
		623B25011F489BBB005B117B /* moviesUITests.xctest */ = {isa = PBXFileReference; explicitFileType = wrapper.cfbundle; includeInIndex = 0; path = moviesUITests.xctest; sourceTree = BUILT_PRODUCTS_DIR; };
		623B25051F489BBB005B117B /* moviesUITests.swift */ = {isa = PBXFileReference; lastKnownFileType = sourcecode.swift; path = moviesUITests.swift; sourceTree = "<group>"; };
		623B25071F489BBB005B117B /* Info.plist */ = {isa = PBXFileReference; lastKnownFileType = text.plist.xml; path = Info.plist; sourceTree = "<group>"; };
		623B25131F489BE9005B117B /* MovieTableViewController.swift */ = {isa = PBXFileReference; fileEncoding = 4; lastKnownFileType = sourcecode.swift; path = MovieTableViewController.swift; sourceTree = "<group>"; };
		623B25151F48A3E3005B117B /* MovieTableViewCell.swift */ = {isa = PBXFileReference; fileEncoding = 4; lastKnownFileType = sourcecode.swift; path = MovieTableViewCell.swift; sourceTree = "<group>"; };
		623B25171F48B246005B117B /* Movie.swift */ = {isa = PBXFileReference; fileEncoding = 4; lastKnownFileType = sourcecode.swift; path = Movie.swift; sourceTree = "<group>"; };
		623B25191F48D463005B117B /* MovieDetailViewController.swift */ = {isa = PBXFileReference; fileEncoding = 4; lastKnownFileType = sourcecode.swift; path = MovieDetailViewController.swift; sourceTree = "<group>"; };
/* End PBXFileReference section */

/* Begin PBXFrameworksBuildPhase section */
		623B24DF1F489BBB005B117B /* Frameworks */ = {
			isa = PBXFrameworksBuildPhase;
			buildActionMask = 2147483647;
			files = (
			);
			runOnlyForDeploymentPostprocessing = 0;
		};
		623B24F31F489BBB005B117B /* Frameworks */ = {
			isa = PBXFrameworksBuildPhase;
			buildActionMask = 2147483647;
			files = (
			);
			runOnlyForDeploymentPostprocessing = 0;
		};
		623B24FE1F489BBB005B117B /* Frameworks */ = {
			isa = PBXFrameworksBuildPhase;
			buildActionMask = 2147483647;
			files = (
			);
			runOnlyForDeploymentPostprocessing = 0;
		};
/* End PBXFrameworksBuildPhase section */

/* Begin PBXGroup section */
		623B24D91F489BBB005B117B = {
			isa = PBXGroup;
			children = (
				623B25171F48B246005B117B /* Movie.swift */,
				623B24E41F489BBB005B117B /* movies */,
				623B24F91F489BBB005B117B /* moviesTests */,
				623B25041F489BBB005B117B /* moviesUITests */,
				623B24E31F489BBB005B117B /* Products */,
			);
			sourceTree = "<group>";
		};
		623B24E31F489BBB005B117B /* Products */ = {
			isa = PBXGroup;
			children = (
				623B24E21F489BBB005B117B /* movies.app */,
				623B24F61F489BBB005B117B /* moviesTests.xctest */,
				623B25011F489BBB005B117B /* moviesUITests.xctest */,
			);
			name = Products;
			sourceTree = "<group>";
		};
		623B24E41F489BBB005B117B /* movies */ = {
			isa = PBXGroup;
			children = (
				623B24E51F489BBB005B117B /* AppDelegate.swift */,
				623B24E91F489BBB005B117B /* Main.storyboard */,
				623B25151F48A3E3005B117B /* MovieTableViewCell.swift */,
				623B25131F489BE9005B117B /* MovieTableViewController.swift */,
				623B25191F48D463005B117B /* MovieDetailViewController.swift */,
				623B24EC1F489BBB005B117B /* Assets.xcassets */,
				623B24EE1F489BBB005B117B /* LaunchScreen.storyboard */,
				623B24F11F489BBB005B117B /* Info.plist */,
			);
			path = movies;
			sourceTree = "<group>";
		};
		623B24F91F489BBB005B117B /* moviesTests */ = {
			isa = PBXGroup;
			children = (
				623B24FA1F489BBB005B117B /* moviesTests.swift */,
				623B24FC1F489BBB005B117B /* Info.plist */,
			);
			path = moviesTests;
			sourceTree = "<group>";
		};
		623B25041F489BBB005B117B /* moviesUITests */ = {
			isa = PBXGroup;
			children = (
				623B25051F489BBB005B117B /* moviesUITests.swift */,
				623B25071F489BBB005B117B /* Info.plist */,
			);
			path = moviesUITests;
			sourceTree = "<group>";
		};
/* End PBXGroup section */

/* Begin PBXNativeTarget section */
		623B24E11F489BBB005B117B /* movies */ = {
			isa = PBXNativeTarget;
			buildConfigurationList = 623B250A1F489BBB005B117B /* Build configuration list for PBXNativeTarget "movies" */;
			buildPhases = (
				623B24DE1F489BBB005B117B /* Sources */,
				623B24DF1F489BBB005B117B /* Frameworks */,
				623B24E01F489BBB005B117B /* Resources */,
			);
			buildRules = (
			);
			dependencies = (
			);
			name = movies;
			productName = movies;
			productReference = 623B24E21F489BBB005B117B /* movies.app */;
			productType = "com.apple.product-type.application";
		};
		623B24F51F489BBB005B117B /* moviesTests */ = {
			isa = PBXNativeTarget;
			buildConfigurationList = 623B250D1F489BBB005B117B /* Build configuration list for PBXNativeTarget "moviesTests" */;
			buildPhases = (
				623B24F21F489BBB005B117B /* Sources */,
				623B24F31F489BBB005B117B /* Frameworks */,
				623B24F41F489BBB005B117B /* Resources */,
			);
			buildRules = (
			);
			dependencies = (
				623B24F81F489BBB005B117B /* PBXTargetDependency */,
			);
			name = moviesTests;
			productName = moviesTests;
			productReference = 623B24F61F489BBB005B117B /* moviesTests.xctest */;
			productType = "com.apple.product-type.bundle.unit-test";
		};
		623B25001F489BBB005B117B /* moviesUITests */ = {
			isa = PBXNativeTarget;
			buildConfigurationList = 623B25101F489BBB005B117B /* Build configuration list for PBXNativeTarget "moviesUITests" */;
			buildPhases = (
				623B24FD1F489BBB005B117B /* Sources */,
				623B24FE1F489BBB005B117B /* Frameworks */,
				623B24FF1F489BBB005B117B /* Resources */,
			);
			buildRules = (
			);
			dependencies = (
				623B25031F489BBB005B117B /* PBXTargetDependency */,
			);
			name = moviesUITests;
			productName = moviesUITests;
			productReference = 623B25011F489BBB005B117B /* moviesUITests.xctest */;
			productType = "com.apple.product-type.bundle.ui-testing";
		};
/* End PBXNativeTarget section */

/* Begin PBXProject section */
		623B24DA1F489BBB005B117B /* Project object */ = {
			isa = PBXProject;
			attributes = {
				LastSwiftUpdateCheck = 0830;
				LastUpgradeCheck = 0830;
				ORGANIZATIONNAME = railsbridge;
				TargetAttributes = {
					623B24E11F489BBB005B117B = {
						CreatedOnToolsVersion = 8.3.3;
						ProvisioningStyle = Automatic;
					};
					623B24F51F489BBB005B117B = {
						CreatedOnToolsVersion = 8.3.3;
						ProvisioningStyle = Automatic;
						TestTargetID = 623B24E11F489BBB005B117B;
					};
					623B25001F489BBB005B117B = {
						CreatedOnToolsVersion = 8.3.3;
						ProvisioningStyle = Automatic;
						TestTargetID = 623B24E11F489BBB005B117B;
					};
				};
			};
			buildConfigurationList = 623B24DD1F489BBB005B117B /* Build configuration list for PBXProject "movies" */;
			compatibilityVersion = "Xcode 3.2";
			developmentRegion = English;
			hasScannedForEncodings = 0;
			knownRegions = (
				en,
				Base,
			);
			mainGroup = 623B24D91F489BBB005B117B;
			productRefGroup = 623B24E31F489BBB005B117B /* Products */;
			projectDirPath = "";
			projectRoot = "";
			targets = (
				623B24E11F489BBB005B117B /* movies */,
				623B24F51F489BBB005B117B /* moviesTests */,
				623B25001F489BBB005B117B /* moviesUITests */,
			);
		};
/* End PBXProject section */

/* Begin PBXResourcesBuildPhase section */
		623B24E01F489BBB005B117B /* Resources */ = {
			isa = PBXResourcesBuildPhase;
			buildActionMask = 2147483647;
			files = (
				623B24F01F489BBB005B117B /* LaunchScreen.storyboard in Resources */,
				623B24ED1F489BBB005B117B /* Assets.xcassets in Resources */,
				623B24EB1F489BBB005B117B /* Main.storyboard in Resources */,
			);
			runOnlyForDeploymentPostprocessing = 0;
		};
		623B24F41F489BBB005B117B /* Resources */ = {
			isa = PBXResourcesBuildPhase;
			buildActionMask = 2147483647;
			files = (
			);
			runOnlyForDeploymentPostprocessing = 0;
		};
		623B24FF1F489BBB005B117B /* Resources */ = {
			isa = PBXResourcesBuildPhase;
			buildActionMask = 2147483647;
			files = (
			);
			runOnlyForDeploymentPostprocessing = 0;
		};
/* End PBXResourcesBuildPhase section */

/* Begin PBXSourcesBuildPhase section */
		623B24DE1F489BBB005B117B /* Sources */ = {
			isa = PBXSourcesBuildPhase;
			buildActionMask = 2147483647;
			files = (
				623B25141F489BE9005B117B /* MovieTableViewController.swift in Sources */,
				623B251A1F48D463005B117B /* MovieDetailViewController.swift in Sources */,
				623B24E61F489BBB005B117B /* AppDelegate.swift in Sources */,
				623B25181F48B246005B117B /* Movie.swift in Sources */,
				623B25161F48A3E3005B117B /* MovieTableViewCell.swift in Sources */,
			);
			runOnlyForDeploymentPostprocessing = 0;
		};
		623B24F21F489BBB005B117B /* Sources */ = {
			isa = PBXSourcesBuildPhase;
			buildActionMask = 2147483647;
			files = (
				623B24FB1F489BBB005B117B /* moviesTests.swift in Sources */,
			);
			runOnlyForDeploymentPostprocessing = 0;
		};
		623B24FD1F489BBB005B117B /* Sources */ = {
			isa = PBXSourcesBuildPhase;
			buildActionMask = 2147483647;
			files = (
				623B25061F489BBB005B117B /* moviesUITests.swift in Sources */,
			);
			runOnlyForDeploymentPostprocessing = 0;
		};
/* End PBXSourcesBuildPhase section */

/* Begin PBXTargetDependency section */
		623B24F81F489BBB005B117B /* PBXTargetDependency */ = {
			isa = PBXTargetDependency;
			target = 623B24E11F489BBB005B117B /* movies */;
			targetProxy = 623B24F71F489BBB005B117B /* PBXContainerItemProxy */;
		};
		623B25031F489BBB005B117B /* PBXTargetDependency */ = {
			isa = PBXTargetDependency;
			target = 623B24E11F489BBB005B117B /* movies */;
			targetProxy = 623B25021F489BBB005B117B /* PBXContainerItemProxy */;
		};
/* End PBXTargetDependency section */

/* Begin PBXVariantGroup section */
		623B24E91F489BBB005B117B /* Main.storyboard */ = {
			isa = PBXVariantGroup;
			children = (
				623B24EA1F489BBB005B117B /* Base */,
			);
			name = Main.storyboard;
			sourceTree = "<group>";
		};
		623B24EE1F489BBB005B117B /* LaunchScreen.storyboard */ = {
			isa = PBXVariantGroup;
			children = (
				623B24EF1F489BBB005B117B /* Base */,
			);
			name = LaunchScreen.storyboard;
			sourceTree = "<group>";
		};
/* End PBXVariantGroup section */

/* Begin XCBuildConfiguration section */
		623B25081F489BBB005B117B /* Debug */ = {
			isa = XCBuildConfiguration;
			buildSettings = {
				ALWAYS_SEARCH_USER_PATHS = NO;
				CLANG_ANALYZER_NONNULL = YES;
				CLANG_ANALYZER_NUMBER_OBJECT_CONVERSION = YES_AGGRESSIVE;
				CLANG_CXX_LANGUAGE_STANDARD = "gnu++0x";
				CLANG_CXX_LIBRARY = "libc++";
				CLANG_ENABLE_MODULES = YES;
				CLANG_ENABLE_OBJC_ARC = YES;
				CLANG_WARN_BOOL_CONVERSION = YES;
				CLANG_WARN_CONSTANT_CONVERSION = YES;
				CLANG_WARN_DIRECT_OBJC_ISA_USAGE = YES_ERROR;
				CLANG_WARN_DOCUMENTATION_COMMENTS = YES;
				CLANG_WARN_EMPTY_BODY = YES;
				CLANG_WARN_ENUM_CONVERSION = YES;
				CLANG_WARN_INFINITE_RECURSION = YES;
				CLANG_WARN_INT_CONVERSION = YES;
				CLANG_WARN_OBJC_ROOT_CLASS = YES_ERROR;
				CLANG_WARN_SUSPICIOUS_MOVE = YES;
				CLANG_WARN_UNREACHABLE_CODE = YES;
				CLANG_WARN__DUPLICATE_METHOD_MATCH = YES;
				"CODE_SIGN_IDENTITY[sdk=iphoneos*]" = "iPhone Developer";
				COPY_PHASE_STRIP = NO;
				DEBUG_INFORMATION_FORMAT = dwarf;
				ENABLE_STRICT_OBJC_MSGSEND = YES;
				ENABLE_TESTABILITY = YES;
				GCC_C_LANGUAGE_STANDARD = gnu99;
				GCC_DYNAMIC_NO_PIC = NO;
				GCC_NO_COMMON_BLOCKS = YES;
				GCC_OPTIMIZATION_LEVEL = 0;
				GCC_PREPROCESSOR_DEFINITIONS = (
					"DEBUG=1",
					"$(inherited)",
				);
				GCC_WARN_64_TO_32_BIT_CONVERSION = YES;
				GCC_WARN_ABOUT_RETURN_TYPE = YES_ERROR;
				GCC_WARN_UNDECLARED_SELECTOR = YES;
				GCC_WARN_UNINITIALIZED_AUTOS = YES_AGGRESSIVE;
				GCC_WARN_UNUSED_FUNCTION = YES;
				GCC_WARN_UNUSED_VARIABLE = YES;
				IPHONEOS_DEPLOYMENT_TARGET = 10.3;
				MTL_ENABLE_DEBUG_INFO = YES;
				ONLY_ACTIVE_ARCH = YES;
				SDKROOT = iphoneos;
				SWIFT_ACTIVE_COMPILATION_CONDITIONS = DEBUG;
				SWIFT_OPTIMIZATION_LEVEL = "-Onone";
				TARGETED_DEVICE_FAMILY = "1,2";
			};
			name = Debug;
		};
		623B25091F489BBB005B117B /* Release */ = {
			isa = XCBuildConfiguration;
			buildSettings = {
				ALWAYS_SEARCH_USER_PATHS = NO;
				CLANG_ANALYZER_NONNULL = YES;
				CLANG_ANALYZER_NUMBER_OBJECT_CONVERSION = YES_AGGRESSIVE;
				CLANG_CXX_LANGUAGE_STANDARD = "gnu++0x";
				CLANG_CXX_LIBRARY = "libc++";
				CLANG_ENABLE_MODULES = YES;
				CLANG_ENABLE_OBJC_ARC = YES;
				CLANG_WARN_BOOL_CONVERSION = YES;
				CLANG_WARN_CONSTANT_CONVERSION = YES;
				CLANG_WARN_DIRECT_OBJC_ISA_USAGE = YES_ERROR;
				CLANG_WARN_DOCUMENTATION_COMMENTS = YES;
				CLANG_WARN_EMPTY_BODY = YES;
				CLANG_WARN_ENUM_CONVERSION = YES;
				CLANG_WARN_INFINITE_RECURSION = YES;
				CLANG_WARN_INT_CONVERSION = YES;
				CLANG_WARN_OBJC_ROOT_CLASS = YES_ERROR;
				CLANG_WARN_SUSPICIOUS_MOVE = YES;
				CLANG_WARN_UNREACHABLE_CODE = YES;
				CLANG_WARN__DUPLICATE_METHOD_MATCH = YES;
				"CODE_SIGN_IDENTITY[sdk=iphoneos*]" = "iPhone Developer";
				COPY_PHASE_STRIP = NO;
				DEBUG_INFORMATION_FORMAT = "dwarf-with-dsym";
				ENABLE_NS_ASSERTIONS = NO;
				ENABLE_STRICT_OBJC_MSGSEND = YES;
				GCC_C_LANGUAGE_STANDARD = gnu99;
				GCC_NO_COMMON_BLOCKS = YES;
				GCC_WARN_64_TO_32_BIT_CONVERSION = YES;
				GCC_WARN_ABOUT_RETURN_TYPE = YES_ERROR;
				GCC_WARN_UNDECLARED_SELECTOR = YES;
				GCC_WARN_UNINITIALIZED_AUTOS = YES_AGGRESSIVE;
				GCC_WARN_UNUSED_FUNCTION = YES;
				GCC_WARN_UNUSED_VARIABLE = YES;
				IPHONEOS_DEPLOYMENT_TARGET = 10.3;
				MTL_ENABLE_DEBUG_INFO = NO;
				SDKROOT = iphoneos;
				SWIFT_OPTIMIZATION_LEVEL = "-Owholemodule";
				TARGETED_DEVICE_FAMILY = "1,2";
				VALIDATE_PRODUCT = YES;
			};
			name = Release;
		};
		623B250B1F489BBB005B117B /* Debug */ = {
			isa = XCBuildConfiguration;
			buildSettings = {
				ASSETCATALOG_COMPILER_APPICON_NAME = AppIcon;
				INFOPLIST_FILE = movies/Info.plist;
				LD_RUNPATH_SEARCH_PATHS = "$(inherited) @executable_path/Frameworks";
				PRODUCT_BUNDLE_IDENTIFIER = org.railsbridge.movies;
				PRODUCT_NAME = "$(TARGET_NAME)";
				SWIFT_VERSION = 3.0;
			};
			name = Debug;
		};
		623B250C1F489BBB005B117B /* Release */ = {
			isa = XCBuildConfiguration;
			buildSettings = {
				ASSETCATALOG_COMPILER_APPICON_NAME = AppIcon;
				INFOPLIST_FILE = movies/Info.plist;
				LD_RUNPATH_SEARCH_PATHS = "$(inherited) @executable_path/Frameworks";
				PRODUCT_BUNDLE_IDENTIFIER = org.railsbridge.movies;
				PRODUCT_NAME = "$(TARGET_NAME)";
				SWIFT_VERSION = 3.0;
			};
			name = Release;
		};
		623B250E1F489BBB005B117B /* Debug */ = {
			isa = XCBuildConfiguration;
			buildSettings = {
				ALWAYS_EMBED_SWIFT_STANDARD_LIBRARIES = YES;
				BUNDLE_LOADER = "$(TEST_HOST)";
				INFOPLIST_FILE = moviesTests/Info.plist;
				LD_RUNPATH_SEARCH_PATHS = "$(inherited) @executable_path/Frameworks @loader_path/Frameworks";
				PRODUCT_BUNDLE_IDENTIFIER = org.railsbridge.moviesTests;
				PRODUCT_NAME = "$(TARGET_NAME)";
				SWIFT_VERSION = 3.0;
				TEST_HOST = "$(BUILT_PRODUCTS_DIR)/movies.app/movies";
			};
			name = Debug;
		};
		623B250F1F489BBB005B117B /* Release */ = {
			isa = XCBuildConfiguration;
			buildSettings = {
				ALWAYS_EMBED_SWIFT_STANDARD_LIBRARIES = YES;
				BUNDLE_LOADER = "$(TEST_HOST)";
				INFOPLIST_FILE = moviesTests/Info.plist;
				LD_RUNPATH_SEARCH_PATHS = "$(inherited) @executable_path/Frameworks @loader_path/Frameworks";
				PRODUCT_BUNDLE_IDENTIFIER = org.railsbridge.moviesTests;
				PRODUCT_NAME = "$(TARGET_NAME)";
				SWIFT_VERSION = 3.0;
				TEST_HOST = "$(BUILT_PRODUCTS_DIR)/movies.app/movies";
			};
			name = Release;
		};
		623B25111F489BBB005B117B /* Debug */ = {
			isa = XCBuildConfiguration;
			buildSettings = {
				ALWAYS_EMBED_SWIFT_STANDARD_LIBRARIES = YES;
				INFOPLIST_FILE = moviesUITests/Info.plist;
				LD_RUNPATH_SEARCH_PATHS = "$(inherited) @executable_path/Frameworks @loader_path/Frameworks";
				PRODUCT_BUNDLE_IDENTIFIER = org.railsbridge.moviesUITests;
				PRODUCT_NAME = "$(TARGET_NAME)";
				SWIFT_VERSION = 3.0;
				TEST_TARGET_NAME = movies;
			};
			name = Debug;
		};
		623B25121F489BBB005B117B /* Release */ = {
			isa = XCBuildConfiguration;
			buildSettings = {
				ALWAYS_EMBED_SWIFT_STANDARD_LIBRARIES = YES;
				INFOPLIST_FILE = moviesUITests/Info.plist;
				LD_RUNPATH_SEARCH_PATHS = "$(inherited) @executable_path/Frameworks @loader_path/Frameworks";
				PRODUCT_BUNDLE_IDENTIFIER = org.railsbridge.moviesUITests;
				PRODUCT_NAME = "$(TARGET_NAME)";
				SWIFT_VERSION = 3.0;
				TEST_TARGET_NAME = movies;
			};
			name = Release;
		};
/* End XCBuildConfiguration section */

/* Begin XCConfigurationList section */
		623B24DD1F489BBB005B117B /* Build configuration list for PBXProject "movies" */ = {
			isa = XCConfigurationList;
			buildConfigurations = (
				623B25081F489BBB005B117B /* Debug */,
				623B25091F489BBB005B117B /* Release */,
			);
			defaultConfigurationIsVisible = 0;
			defaultConfigurationName = Release;
		};
		623B250A1F489BBB005B117B /* Build configuration list for PBXNativeTarget "movies" */ = {
			isa = XCConfigurationList;
			buildConfigurations = (
				623B250B1F489BBB005B117B /* Debug */,
				623B250C1F489BBB005B117B /* Release */,
			);
			defaultConfigurationIsVisible = 0;
		};
		623B250D1F489BBB005B117B /* Build configuration list for PBXNativeTarget "moviesTests" */ = {
			isa = XCConfigurationList;
			buildConfigurations = (
				623B250E1F489BBB005B117B /* Debug */,
				623B250F1F489BBB005B117B /* Release */,
			);
			defaultConfigurationIsVisible = 0;
		};
		623B25101F489BBB005B117B /* Build configuration list for PBXNativeTarget "moviesUITests" */ = {
			isa = XCConfigurationList;
			buildConfigurations = (
				623B25111F489BBB005B117B /* Debug */,
				623B25121F489BBB005B117B /* Release */,
			);
			defaultConfigurationIsVisible = 0;
		};
/* End XCConfigurationList section */
	};
	rootObject = 623B24DA1F489BBB005B117B /* Project object */;
}
